schema: '2.0'
stages:
  data_ingestion:
    cmd: python src/data_ingestion.py
    deps:
    - path: dataset/raw/data.csv
      hash: md5
      md5: ee29c9ee9ea60654b5bb0a161c0a473d
      size: 533230
    - path: src/data_ingestion.py
      hash: md5
      md5: 8686fff6317613dfb8d8d7d44445b121
      size: 728
    outs:
    - path: data/raw/test.csv
      hash: md5
      md5: 4e654a1e69aadef40179a3e17f97b550
      size: 107215
    - path: data/raw/train.csv
      hash: md5
      md5: 98d22cbe1e449d8a80f0236c5ee15517
      size: 426899
  data_preprocessing:
    cmd: python src/data_preprocessing.py
    deps:
    - path: data/raw/test.csv
      hash: md5
      md5: 4e654a1e69aadef40179a3e17f97b550
      size: 107215
    - path: data/raw/train.csv
      hash: md5
      md5: 98d22cbe1e449d8a80f0236c5ee15517
      size: 426899
    - path: src/data_preprocessing.py
      hash: md5
      md5: 4f64dab11ddfb4d59d2b454a67b8cfcb
      size: 415
    outs:
    - path: data/processed/test_features.csv
      hash: md5
      md5: 4e654a1e69aadef40179a3e17f97b550
      size: 107215
    - path: data/processed/train_features.csv
      hash: md5
      md5: 98d22cbe1e449d8a80f0236c5ee15517
      size: 426899
  feature_engineering:
    cmd: python src/feature_engineering.py
    deps:
    - path: data/interim/test_clean.csv
      hash: md5
      md5: ebe387edc97e2986c5756dffffbe19e5
      size: 80617
    - path: data/interim/train_clean.csv
      hash: md5
      md5: 2f5d11618e6e8195bc6ab34f9025795d
      size: 453497
    - path: src/feature_engineering.py
      hash: md5
      md5: 4d25de52ec57dff0a08650dd3d770321
      size: 489
    params:
      params.yaml:
        feature_engineering.max_features: 18
    outs:
    - path: data/processed/test_features.csv
      hash: md5
      md5: ebe387edc97e2986c5756dffffbe19e5
      size: 80617
    - path: data/processed/train_features.csv
      hash: md5
      md5: 2f5d11618e6e8195bc6ab34f9025795d
      size: 453497
  model_building:
    cmd: python src/model_building.py
    deps:
    - path: data/processed
      hash: md5
      md5: 4c42915e18d54f1c29584d12eaf9fc2e.dir
      size: 436639
      nfiles: 2
    - path: src/model_building.py
      hash: md5
      md5: 23b72cfe93313e3fdf2ed0e66cb006d6
      size: 4520
    params:
      params.yaml:
        model_building.n_estimators: 12
        model_building.random_state: 0
    outs:
    - path: models/model.pkl
      hash: md5
      md5: e0765794e0cda5008fe4c1fdb5943c72
      size: 249972
  model_evaluation:
    cmd: python src/model_evaluation.py
    deps:
    - path: models/model.pkl
      hash: md5
      md5: e0765794e0cda5008fe4c1fdb5943c72
      size: 249972
    - path: src/model_evaluation.py
      hash: md5
      md5: 43d9aa7ffa404f016acea22c77522434
      size: 5661
    outs:
    - path: reports/metrics.json
      hash: md5
      md5: 01c4906cb04205cf72a68399b3d9f8f0
      size: 145
